{
  "name": "Proyecto Kevin",
  "lockfileVersion": 3,
  "requires": true,
  "packages": {
    "": {
      "dependencies": {
        "luxon": "^3.4.2"
      }
    },
    "node_modules/luxon": {
      "version": "3.4.2",
      "resolved": "https://registry.npmjs.org/luxon/-/luxon-3.4.2.tgz",
      "integrity": "sha512-uBoAVCVcajsrqy3pv7eo5jEUz1oeLmCcnMv8n4AJpT5hbpN9lUssAXibNElpbLce3Mhm9dyBzwYLs9zctM/0tA==",
      "engines": {
        "node": ">=12"
      }
    }
  }
}
